
Microsoft Visual Studio Solution File, Format Version 12.00
# Visual Studio 14
VisualStudioVersion = 14.0.23107.0
MinimumVisualStudioVersion = 10.0.40219.1
Project("{FAE04EC0-301F-11D3-BF4B-00C04F79EFBC}") = "WPFLauncherApp", "WPFLauncherApp\WPFLauncherApp.csproj", "{90607059-D06F-4BA1-A173-941310D63B5D}"
EndProject
Project("{FAE04EC0-301F-11D3-BF4B-00C04F79EFBC}") = "UniversalTargetApp", "UniversalTargetApp\UniversalTargetApp.csproj", "{FD740F36-F2D4-4FD2-A18E-D7D3768AD82C}"
EndProject
Global
	GlobalSection(SolutionConfigurationPlatforms) = preSolution
		Debug|Any CPU = Debug|Any CPU
		Debug|ARM = Debug|ARM
		Debug|x64 = Debug|x64
		Debug|x86 = Debug|x86
		Release|Any CPU = Release|Any CPU
		Release|ARM = Release|ARM
		Release|x64 = Release|x64
		Release|x86 = Release|x86
	EndGlobalSection
	GlobalSection(ProjectConfigurationPlatforms) = postSolution
		{90607059-D06F-4BA1-A173-941310D63B5D}.Debug|Any CPU.ActiveCfg = Debug|Any CPU
		{90607059-D06F-4BA1-A173-941310D63B5D}.Debug|Any CPU.Build.0 = Debug|Any CPU
		{90607059-D06F-4BA1-A173-941310D63B5D}.Debug|ARM.ActiveCfg = Debug|Any CPU
		{90607059-D06F-4BA1-A173-941310D63B5D}.Debug|ARM.Build.0 = Debug|Any CPU
		{90607059-D06F-4BA1-A173-941310D63B5D}.Debug|x64.ActiveCfg = Debug|Any CPU
		{90607059-D06F-4BA1-A173-941310D63B5D}.Debug|x64.Build.0 = Debug|Any CPU
		{90607059-D06F-4BA1-A173-941310D63B5D}.Debug|x86.ActiveCfg = Debug|Any CPU
		{90607059-D06F-4BA1-A173-941310D63B5D}.Debug|x86.Build.0 = Debug|Any CPU
		{90607059-D06F-4BA1-A173-941310D63B5D}.Release|Any CPU.ActiveCfg = Release|Any CPU
		{90607059-D06F-4BA1-A173-941310D63B5D}.Release|Any CPU.Build.0 = Release|Any CPU
		{90607059-D06F-4BA1-A173-941310D63B5D}.Release|ARM.ActiveCfg = Release|Any CPU
		{90607059-D06F-4BA1-A173-941310D63B5D}.Release|ARM.Build.0 = Release|Any CPU
		{90607059-D06F-4BA1-A173-941310D63B5D}.Release|x64.ActiveCfg = Release|Any CPU
		{90607059-D06F-4BA1-A173-941310D63B5D}.Release|x64.Build.0 = Release|Any CPU
		{90607059-D06F-4BA1-A173-941310D63B5D}.Release|x86.ActiveCfg = Release|Any CPU
		{90607059-D06F-4BA1-A173-941310D63B5D}.Release|x86.Build.0 = Release|Any CPU
		{FD740F36-F2D4-4FD2-A18E-D7D3768AD82C}.Debug|Any CPU.ActiveCfg = Debug|x86
		{FD740F36-F2D4-4FD2-A18E-D7D3768AD82C}.Debug|ARM.ActiveCfg = Debug|ARM
		{FD740F36-F2D4-4FD2-A18E-D7D3768AD82C}.Debug|ARM.Build.0 = Debug|ARM
		{FD740F36-F2D4-4FD2-A18E-D7D3768AD82C}.Debug|ARM.Deploy.0 = Debug|ARM
		{FD740F36-F2D4-4FD2-A18E-D7D3768AD82C}.Debug|x64.ActiveCfg = Debug|x64
		{FD740F36-F2D4-4FD2-A18E-D7D3768AD82C}.Debug|x64.Build.0 = Debug|x64
		{FD740F36-F2D4-4FD2-A18E-D7D3768AD82C}.Debug|x64.Deploy.0 = Debug|x64
		{FD740F36-F2D4-4FD2-A18E-D7D3768AD82C}.Debug|x86.ActiveCfg = Debug|x86
		{FD740F36-F2D4-4FD2-A18E-D7D3768AD82C}.Debug|x86.Build.0 = Debug|x86
		{FD740F36-F2D4-4FD2-A18E-D7D3768AD82C}.Debug|x86.Deploy.0 = Debug|x86
		{FD740F36-F2D4-4FD2-A18E-D7D3768AD82C}.Release|Any CPU.ActiveCfg = Release|x86
		{FD740F36-F2D4-4FD2-A18E-D7D3768AD82C}.Release|ARM.ActiveCfg = Release|ARM
		{FD740F36-F2D4-4FD2-A18E-D7D3768AD82C}.Release|ARM.Build.0 = Release|ARM
		{FD740F36-F2D4-4FD2-A18E-D7D3768AD82C}.Release|ARM.Deploy.0 = Release|ARM
		{FD740F36-F2D4-4FD2-A18E-D7D3768AD82C}.Release|x64.ActiveCfg = Release|x64
		{FD740F36-F2D4-4FD2-A18E-D7D3768AD82C}.Release|x64.Build.0 = Release|x64
		{FD740F36-F2D4-4FD2-A18E-D7D3768AD82C}.Release|x64.Deploy.0 = Release|x64
		{FD740F36-F2D4-4FD2-A18E-D7D3768AD82C}.Release|x86.ActiveCfg = Release|x86
		{FD740F36-F2D4-4FD2-A18E-D7D3768AD82C}.Release|x86.Build.0 = Release|x86
		{FD740F36-F2D4-4FD2-A18E-D7D3768AD82C}.Release|x86.Deploy.0 = Release|x86
	EndGlobalSection
	GlobalSection(SolutionProperties) = preSolution
		HideSolutionNode = FALSE
	EndGlobalSection
EndGlobal
